{
  "originHash" : "3c492cb9c268e22d303653fd468c6f05262426890224001c6eef417a7d55ff82",
  "pins" : [
    {
      "identity" : "keychainaccess",
      "kind" : "remoteSourceControl",
      "location" : "https://github.com/kishikawakatsumi/KeychainAccess",
      "state" : {
        "revision" : "84e546727d66f1adc5439debad16270d0fdd04e7",
        "version" : "4.2.2"
      }
    },
    {
      "identity" : "kingfisher",
      "kind" : "remoteSourceControl",
      "location" : "https://github.com/onevcat/Kingfisher",
      "state" : {
        "revision" : "b6f62758f21a8c03cd64f4009c037cfa580a256e",
        "version" : "7.9.1"
      }
    },
    {
      "identity" : "markdownui",
      "kind" : "remoteSourceControl",
      "location" : "https://github.com/gonzalezreal/MarkdownUI",
      "state" : {
        "revision" : "5f613358148239d0292c0cef674a3c2314737f9e",
        "version" : "2.4.1"
      }
    },
    {
      "identity" : "networkimage",
      "kind" : "remoteSourceControl",
      "location" : "https://github.com/gonzalezreal/NetworkImage",
      "state" : {
        "revision" : "2849f5323265386e200484b0d0f896e73c3411b9",
        "version" : "6.0.1"
      }
    },
    {
      "identity" : "pagertabstripview",
      "kind" : "remoteSourceControl",
      "location" : "https://github.com/xmartlabs/PagerTabStripView.git",
      "state" : {
        "revision" : "eee372609bc6ed8f777d0d0884d8e9d25074e266"
      }
    },
    {
      "identity" : "swift-cmark",
      "kind" : "remoteSourceControl",
      "location" : "https://github.com/swiftlang/swift-cmark",
      "state" : {
        "revision" : "3ccff77b2dc5b96b77db3da0d68d28068593fa53",
        "version" : "0.5.0"
      }
    },
    {
      "identity" : "swiftui-introspect",
      "kind" : "remoteSourceControl",
      "location" : "https://github.com/siteline/SwiftUI-Introspect.git",
      "state" : {
        "revision" : "121c146fe591b1320238d054ae35c81ffa45f45a",
        "version" : "0.12.0"
      }
    },
    {
      "identity" : "v2exapi",
      "kind" : "remoteSourceControl",
      "location" : "https://github.com/isaced/V2exAPI.git",
      "state" : {
        "revision" : "2e15716b7315a2f274fa17eedaa399095f5d0156",
        "version" : "1.1.1"
      }
    }
  ],
  "version" : 3
}
